PODS:
  - JPFPSStatus (0.1.1)
  - SDWebImage (4.4.5):
    - SDWebImage/Core (= 4.4.5)
  - SDWebImage/Core (4.4.5)

DEPENDENCIES:
  - JPFPSStatus
  - SDWebImage

SPEC CHECKSUMS:
  JPFPSStatus: 03f32aa3d4d7d0c5bf56f6f3e7cf8b7280a5f52c
  SDWebImage: ecc03494e973b93b80213649d32175f8d2d17d4d

PODFILE CHECKSUM: c61fdbbb3357d366a1a6474165de28d9a2732615

COCOAPODS: 1.4.0
