// !$*UTF8*$!
{
	archiveVersion = 1;
	classes = {
	};
	objectVersion = 50;
	objects = {

/* Begin PBXBuildFile section */
		0AF4289256CA4E160EFCAE21 /* libPods-tableViewLoadImageTests.a in Frameworks */ = {isa = PBXBuildFile; fileRef = 4F73AF93B5FF02D38DA3B91F /* libPods-tableViewLoadImageTests.a */; };
		311B362324B8BF5C003E9FD0 /* UIImage+HKKit.m in Sources */ = {isa = PBXBuildFile; fileRef = 311B362224B8BF5C003E9FD0 /* UIImage+HKKit.m */; };
		31D0529324BC2F0500FA1B02 /* PersonModel.m in Sources */ = {isa = PBXBuildFile; fileRef = 31D0529224BC2F0500FA1B02 /* PersonModel.m */; };
		31D807F922E9D7EF0031DFAE /* AppDelegate.m in Sources */ = {isa = PBXBuildFile; fileRef = 31D807F822E9D7EF0031DFAE /* AppDelegate.m */; };
		31D807FF22E9D7EF0031DFAE /* Main.storyboard in Resources */ = {isa = PBXBuildFile; fileRef = 31D807FD22E9D7EF0031DFAE /* Main.storyboard */; };
		31D8080122E9D7F10031DFAE /* Assets.xcassets in Resources */ = {isa = PBXBuildFile; fileRef = 31D8080022E9D7F10031DFAE /* Assets.xcassets */; };
		31D8080422E9D7F10031DFAE /* LaunchScreen.storyboard in Resources */ = {isa = PBXBuildFile; fileRef = 31D8080222E9D7F10031DFAE /* LaunchScreen.storyboard */; };
		31D8080722E9D7F10031DFAE /* main.m in Sources */ = {isa = PBXBuildFile; fileRef = 31D8080622E9D7F10031DFAE /* main.m */; };
		31D8081122E9D7F10031DFAE /* tableViewLoadImageTests.m in Sources */ = {isa = PBXBuildFile; fileRef = 31D8081022E9D7F10031DFAE /* tableViewLoadImageTests.m */; };
		31D8081C22E9D7F10031DFAE /* tableViewLoadImageUITests.m in Sources */ = {isa = PBXBuildFile; fileRef = 31D8081B22E9D7F10031DFAE /* tableViewLoadImageUITests.m */; };
		31D8082B22E9D81B0031DFAE /* HKTableViewController.m in Sources */ = {isa = PBXBuildFile; fileRef = 31D8082A22E9D81B0031DFAE /* HKTableViewController.m */; };
		31DE509722E9F5CD009E5B5B /* HKTableViewCell.m in Sources */ = {isa = PBXBuildFile; fileRef = 31DE509522E9F5CD009E5B5B /* HKTableViewCell.m */; };
		31DE509822E9F5CD009E5B5B /* HKTableViewCell.xib in Resources */ = {isa = PBXBuildFile; fileRef = 31DE509622E9F5CD009E5B5B /* HKTableViewCell.xib */; };
		A0212D108FC216FA053CAFC2 /* libPods-tableViewLoadImageUITests.a in Frameworks */ = {isa = PBXBuildFile; fileRef = 06CF4DE5C27AFC2ABF3BF38D /* libPods-tableViewLoadImageUITests.a */; };
		EAA75A2B63CA6EEDFF7C48DA /* libPods-tableViewLoadImage.a in Frameworks */ = {isa = PBXBuildFile; fileRef = 76BEB082AF0FC44376FA36A0 /* libPods-tableViewLoadImage.a */; };
/* End PBXBuildFile section */

/* Begin PBXContainerItemProxy section */
		31D8080D22E9D7F10031DFAE /* PBXContainerItemProxy */ = {
			isa = PBXContainerItemProxy;
			containerPortal = 31D807EC22E9D7EF0031DFAE /* Project object */;
			proxyType = 1;
			remoteGlobalIDString = 31D807F322E9D7EF0031DFAE;
			remoteInfo = tableViewLoadImage;
		};
		31D8081822E9D7F10031DFAE /* PBXContainerItemProxy */ = {
			isa = PBXContainerItemProxy;
			containerPortal = 31D807EC22E9D7EF0031DFAE /* Project object */;
			proxyType = 1;
			remoteGlobalIDString = 31D807F322E9D7EF0031DFAE;
			remoteInfo = tableViewLoadImage;
		};
/* End PBXContainerItemProxy section */

/* Begin PBXFileReference section */
		06CF4DE5C27AFC2ABF3BF38D /* libPods-tableViewLoadImageUITests.a */ = {isa = PBXFileReference; explicitFileType = archive.ar; includeInIndex = 0; path = "libPods-tableViewLoadImageUITests.a"; sourceTree = BUILT_PRODUCTS_DIR; };
		311B362124B8BF5C003E9FD0 /* UIImage+HKKit.h */ = {isa = PBXFileReference; lastKnownFileType = sourcecode.c.h; path = "UIImage+HKKit.h"; sourceTree = "<group>"; };
		311B362224B8BF5C003E9FD0 /* UIImage+HKKit.m */ = {isa = PBXFileReference; lastKnownFileType = sourcecode.c.objc; path = "UIImage+HKKit.m"; sourceTree = "<group>"; };
		31D0529024BBF9F400FA1B02 /* Macro.h */ = {isa = PBXFileReference; lastKnownFileType = sourcecode.c.h; path = Macro.h; sourceTree = "<group>"; };
		31D0529124BC2F0500FA1B02 /* PersonModel.h */ = {isa = PBXFileReference; lastKnownFileType = sourcecode.c.h; path = PersonModel.h; sourceTree = "<group>"; };
		31D0529224BC2F0500FA1B02 /* PersonModel.m */ = {isa = PBXFileReference; lastKnownFileType = sourcecode.c.objc; path = PersonModel.m; sourceTree = "<group>"; };
		31D0529424BC2F5600FA1B02 /* PrefixHeader.pch */ = {isa = PBXFileReference; lastKnownFileType = sourcecode.c.h; path = PrefixHeader.pch; sourceTree = "<group>"; };
		31D807F422E9D7EF0031DFAE /* tableViewLoadImage.app */ = {isa = PBXFileReference; explicitFileType = wrapper.application; includeInIndex = 0; path = tableViewLoadImage.app; sourceTree = BUILT_PRODUCTS_DIR; };
		31D807F722E9D7EF0031DFAE /* AppDelegate.h */ = {isa = PBXFileReference; lastKnownFileType = sourcecode.c.h; path = AppDelegate.h; sourceTree = "<group>"; };
		31D807F822E9D7EF0031DFAE /* AppDelegate.m */ = {isa = PBXFileReference; lastKnownFileType = sourcecode.c.objc; path = AppDelegate.m; sourceTree = "<group>"; };
		31D807FE22E9D7EF0031DFAE /* Base */ = {isa = PBXFileReference; lastKnownFileType = file.storyboard; name = Base; path = Base.lproj/Main.storyboard; sourceTree = "<group>"; };
		31D8080022E9D7F10031DFAE /* Assets.xcassets */ = {isa = PBXFileReference; lastKnownFileType = folder.assetcatalog; path = Assets.xcassets; sourceTree = "<group>"; };
		31D8080322E9D7F10031DFAE /* Base */ = {isa = PBXFileReference; lastKnownFileType = file.storyboard; name = Base; path = Base.lproj/LaunchScreen.storyboard; sourceTree = "<group>"; };
		31D8080522E9D7F10031DFAE /* Info.plist */ = {isa = PBXFileReference; lastKnownFileType = text.plist.xml; path = Info.plist; sourceTree = "<group>"; };
		31D8080622E9D7F10031DFAE /* main.m */ = {isa = PBXFileReference; lastKnownFileType = sourcecode.c.objc; path = main.m; sourceTree = "<group>"; };
		31D8080C22E9D7F10031DFAE /* tableViewLoadImageTests.xctest */ = {isa = PBXFileReference; explicitFileType = wrapper.cfbundle; includeInIndex = 0; path = tableViewLoadImageTests.xctest; sourceTree = BUILT_PRODUCTS_DIR; };
		31D8081022E9D7F10031DFAE /* tableViewLoadImageTests.m */ = {isa = PBXFileReference; lastKnownFileType = sourcecode.c.objc; path = tableViewLoadImageTests.m; sourceTree = "<group>"; };
		31D8081222E9D7F10031DFAE /* Info.plist */ = {isa = PBXFileReference; lastKnownFileType = text.plist.xml; path = Info.plist; sourceTree = "<group>"; };
		31D8081722E9D7F10031DFAE /* tableViewLoadImageUITests.xctest */ = {isa = PBXFileReference; explicitFileType = wrapper.cfbundle; includeInIndex = 0; path = tableViewLoadImageUITests.xctest; sourceTree = BUILT_PRODUCTS_DIR; };
		31D8081B22E9D7F10031DFAE /* tableViewLoadImageUITests.m */ = {isa = PBXFileReference; lastKnownFileType = sourcecode.c.objc; path = tableViewLoadImageUITests.m; sourceTree = "<group>"; };
		31D8081D22E9D7F10031DFAE /* Info.plist */ = {isa = PBXFileReference; lastKnownFileType = text.plist.xml; path = Info.plist; sourceTree = "<group>"; };
		31D8082922E9D81B0031DFAE /* HKTableViewController.h */ = {isa = PBXFileReference; lastKnownFileType = sourcecode.c.h; path = HKTableViewController.h; sourceTree = "<group>"; };
		31D8082A22E9D81B0031DFAE /* HKTableViewController.m */ = {isa = PBXFileReference; lastKnownFileType = sourcecode.c.objc; path = HKTableViewController.m; sourceTree = "<group>"; };
		31DE509422E9F5CD009E5B5B /* HKTableViewCell.h */ = {isa = PBXFileReference; lastKnownFileType = sourcecode.c.h; path = HKTableViewCell.h; sourceTree = "<group>"; };
		31DE509522E9F5CD009E5B5B /* HKTableViewCell.m */ = {isa = PBXFileReference; lastKnownFileType = sourcecode.c.objc; path = HKTableViewCell.m; sourceTree = "<group>"; };
		31DE509622E9F5CD009E5B5B /* HKTableViewCell.xib */ = {isa = PBXFileReference; lastKnownFileType = file.xib; path = HKTableViewCell.xib; sourceTree = "<group>"; };
		370FD4760C27486BD927AF09 /* Pods-tableViewLoadImageTests.debug.xcconfig */ = {isa = PBXFileReference; includeInIndex = 1; lastKnownFileType = text.xcconfig; name = "Pods-tableViewLoadImageTests.debug.xcconfig"; path = "Pods/Target Support Files/Pods-tableViewLoadImageTests/Pods-tableViewLoadImageTests.debug.xcconfig"; sourceTree = "<group>"; };
		4F73AF93B5FF02D38DA3B91F /* libPods-tableViewLoadImageTests.a */ = {isa = PBXFileReference; explicitFileType = archive.ar; includeInIndex = 0; path = "libPods-tableViewLoadImageTests.a"; sourceTree = BUILT_PRODUCTS_DIR; };
		76BEB082AF0FC44376FA36A0 /* libPods-tableViewLoadImage.a */ = {isa = PBXFileReference; explicitFileType = archive.ar; includeInIndex = 0; path = "libPods-tableViewLoadImage.a"; sourceTree = BUILT_PRODUCTS_DIR; };
		792D631C297C0DA8F81EB162 /* Pods-tableViewLoadImage.debug.xcconfig */ = {isa = PBXFileReference; includeInIndex = 1; lastKnownFileType = text.xcconfig; name = "Pods-tableViewLoadImage.debug.xcconfig"; path = "Pods/Target Support Files/Pods-tableViewLoadImage/Pods-tableViewLoadImage.debug.xcconfig"; sourceTree = "<group>"; };
		7A7E0BECF2436FA01EC09DAF /* Pods-tableViewLoadImage.release.xcconfig */ = {isa = PBXFileReference; includeInIndex = 1; lastKnownFileType = text.xcconfig; name = "Pods-tableViewLoadImage.release.xcconfig"; path = "Pods/Target Support Files/Pods-tableViewLoadImage/Pods-tableViewLoadImage.release.xcconfig"; sourceTree = "<group>"; };
		86CE2E2A45BF1979805342E1 /* Pods-tableViewLoadImageTests.release.xcconfig */ = {isa = PBXFileReference; includeInIndex = 1; lastKnownFileType = text.xcconfig; name = "Pods-tableViewLoadImageTests.release.xcconfig"; path = "Pods/Target Support Files/Pods-tableViewLoadImageTests/Pods-tableViewLoadImageTests.release.xcconfig"; sourceTree = "<group>"; };
		B9336C036C35C78F6BC15F3B /* Pods-tableViewLoadImageUITests.debug.xcconfig */ = {isa = PBXFileReference; includeInIndex = 1; lastKnownFileType = text.xcconfig; name = "Pods-tableViewLoadImageUITests.debug.xcconfig"; path = "Pods/Target Support Files/Pods-tableViewLoadImageUITests/Pods-tableViewLoadImageUITests.debug.xcconfig"; sourceTree = "<group>"; };
		BDED74219F3CB5C728B0CA26 /* Pods-tableViewLoadImageUITests.release.xcconfig */ = {isa = PBXFileReference; includeInIndex = 1; lastKnownFileType = text.xcconfig; name = "Pods-tableViewLoadImageUITests.release.xcconfig"; path = "Pods/Target Support Files/Pods-tableViewLoadImageUITests/Pods-tableViewLoadImageUITests.release.xcconfig"; sourceTree = "<group>"; };
/* End PBXFileReference section */

/* Begin PBXFrameworksBuildPhase section */
		31D807F122E9D7EF0031DFAE /* Frameworks */ = {
			isa = PBXFrameworksBuildPhase;
			buildActionMask = 2147483647;
			files = (
				EAA75A2B63CA6EEDFF7C48DA /* libPods-tableViewLoadImage.a in Frameworks */,
			);
			runOnlyForDeploymentPostprocessing = 0;
		};
		31D8080922E9D7F10031DFAE /* Frameworks */ = {
			isa = PBXFrameworksBuildPhase;
			buildActionMask = 2147483647;
			files = (
				0AF4289256CA4E160EFCAE21 /* libPods-tableViewLoadImageTests.a in Frameworks */,
			);
			runOnlyForDeploymentPostprocessing = 0;
		};
		31D8081422E9D7F10031DFAE /* Frameworks */ = {
			isa = PBXFrameworksBuildPhase;
			buildActionMask = 2147483647;
			files = (
				A0212D108FC216FA053CAFC2 /* libPods-tableViewLoadImageUITests.a in Frameworks */,
			);
			runOnlyForDeploymentPostprocessing = 0;
		};
/* End PBXFrameworksBuildPhase section */

/* Begin PBXGroup section */
		31D807EB22E9D7EF0031DFAE = {
			isa = PBXGroup;
			children = (
				31D807F622E9D7EF0031DFAE /* tableViewLoadImage */,
				31D8080F22E9D7F10031DFAE /* tableViewLoadImageTests */,
				31D8081A22E9D7F10031DFAE /* tableViewLoadImageUITests */,
				31D807F522E9D7EF0031DFAE /* Products */,
				95096DFD35E31BD29E6B03B2 /* Pods */,
				EAA5C79851E10C10954F74CF /* Frameworks */,
			);
			sourceTree = "<group>";
		};
		31D807F522E9D7EF0031DFAE /* Products */ = {
			isa = PBXGroup;
			children = (
				31D807F422E9D7EF0031DFAE /* tableViewLoadImage.app */,
				31D8080C22E9D7F10031DFAE /* tableViewLoadImageTests.xctest */,
				31D8081722E9D7F10031DFAE /* tableViewLoadImageUITests.xctest */,
			);
			name = Products;
			sourceTree = "<group>";
		};
		31D807F622E9D7EF0031DFAE /* tableViewLoadImage */ = {
			isa = PBXGroup;
			children = (
				31D807F722E9D7EF0031DFAE /* AppDelegate.h */,
				31D807F822E9D7EF0031DFAE /* AppDelegate.m */,
				31D8082922E9D81B0031DFAE /* HKTableViewController.h */,
				31D8082A22E9D81B0031DFAE /* HKTableViewController.m */,
				311B362124B8BF5C003E9FD0 /* UIImage+HKKit.h */,
				311B362224B8BF5C003E9FD0 /* UIImage+HKKit.m */,
				31D0529124BC2F0500FA1B02 /* PersonModel.h */,
				31D0529224BC2F0500FA1B02 /* PersonModel.m */,
				31DE509422E9F5CD009E5B5B /* HKTableViewCell.h */,
				31DE509522E9F5CD009E5B5B /* HKTableViewCell.m */,
				31DE509622E9F5CD009E5B5B /* HKTableViewCell.xib */,
				31D807FD22E9D7EF0031DFAE /* Main.storyboard */,
				31D8080022E9D7F10031DFAE /* Assets.xcassets */,
				31D8080222E9D7F10031DFAE /* LaunchScreen.storyboard */,
				31D8080522E9D7F10031DFAE /* Info.plist */,
				31D0529024BBF9F400FA1B02 /* Macro.h */,
				31D0529424BC2F5600FA1B02 /* PrefixHeader.pch */,
				31D8080622E9D7F10031DFAE /* main.m */,
			);
			path = tableViewLoadImage;
			sourceTree = "<group>";
		};
		31D8080F22E9D7F10031DFAE /* tableViewLoadImageTests */ = {
			isa = PBXGroup;
			children = (
				31D8081022E9D7F10031DFAE /* tableViewLoadImageTests.m */,
				31D8081222E9D7F10031DFAE /* Info.plist */,
			);
			path = tableViewLoadImageTests;
			sourceTree = "<group>";
		};
		31D8081A22E9D7F10031DFAE /* tableViewLoadImageUITests */ = {
			isa = PBXGroup;
			children = (
				31D8081B22E9D7F10031DFAE /* tableViewLoadImageUITests.m */,
				31D8081D22E9D7F10031DFAE /* Info.plist */,
			);
			path = tableViewLoadImageUITests;
			sourceTree = "<group>";
		};
		95096DFD35E31BD29E6B03B2 /* Pods */ = {
			isa = PBXGroup;
			children = (
				792D631C297C0DA8F81EB162 /* Pods-tableViewLoadImage.debug.xcconfig */,
				7A7E0BECF2436FA01EC09DAF /* Pods-tableViewLoadImage.release.xcconfig */,
				370FD4760C27486BD927AF09 /* Pods-tableViewLoadImageTests.debug.xcconfig */,
				86CE2E2A45BF1979805342E1 /* Pods-tableViewLoadImageTests.release.xcconfig */,
				B9336C036C35C78F6BC15F3B /* Pods-tableViewLoadImageUITests.debug.xcconfig */,
				BDED74219F3CB5C728B0CA26 /* Pods-tableViewLoadImageUITests.release.xcconfig */,
			);
			name = Pods;
			sourceTree = "<group>";
		};
		EAA5C79851E10C10954F74CF /* Frameworks */ = {
			isa = PBXGroup;
			children = (
				76BEB082AF0FC44376FA36A0 /* libPods-tableViewLoadImage.a */,
				4F73AF93B5FF02D38DA3B91F /* libPods-tableViewLoadImageTests.a */,
				06CF4DE5C27AFC2ABF3BF38D /* libPods-tableViewLoadImageUITests.a */,
			);
			name = Frameworks;
			sourceTree = "<group>";
		};
/* End PBXGroup section */

/* Begin PBXNativeTarget section */
		31D807F322E9D7EF0031DFAE /* tableViewLoadImage */ = {
			isa = PBXNativeTarget;
			buildConfigurationList = 31D8082022E9D7F10031DFAE /* Build configuration list for PBXNativeTarget "tableViewLoadImage" */;
			buildPhases = (
				AF8958934B30C225A04A3D04 /* [CP] Check Pods Manifest.lock */,
				31D807F022E9D7EF0031DFAE /* Sources */,
				31D807F122E9D7EF0031DFAE /* Frameworks */,
				31D807F222E9D7EF0031DFAE /* Resources */,
			);
			buildRules = (
			);
			dependencies = (
			);
			name = tableViewLoadImage;
			productName = tableViewLoadImage;
			productReference = 31D807F422E9D7EF0031DFAE /* tableViewLoadImage.app */;
			productType = "com.apple.product-type.application";
		};
		31D8080B22E9D7F10031DFAE /* tableViewLoadImageTests */ = {
			isa = PBXNativeTarget;
			buildConfigurationList = 31D8082322E9D7F10031DFAE /* Build configuration list for PBXNativeTarget "tableViewLoadImageTests" */;
			buildPhases = (
				B5B05B5EF7CF2A327FA1418E /* [CP] Check Pods Manifest.lock */,
				31D8080822E9D7F10031DFAE /* Sources */,
				31D8080922E9D7F10031DFAE /* Frameworks */,
				31D8080A22E9D7F10031DFAE /* Resources */,
			);
			buildRules = (
			);
			dependencies = (
				31D8080E22E9D7F10031DFAE /* PBXTargetDependency */,
			);
			name = tableViewLoadImageTests;
			productName = tableViewLoadImageTests;
			productReference = 31D8080C22E9D7F10031DFAE /* tableViewLoadImageTests.xctest */;
			productType = "com.apple.product-type.bundle.unit-test";
		};
		31D8081622E9D7F10031DFAE /* tableViewLoadImageUITests */ = {
			isa = PBXNativeTarget;
			buildConfigurationList = 31D8082622E9D7F10031DFAE /* Build configuration list for PBXNativeTarget "tableViewLoadImageUITests" */;
			buildPhases = (
				53557EA0E2D66A4DF38FE9E1 /* [CP] Check Pods Manifest.lock */,
				31D8081322E9D7F10031DFAE /* Sources */,
				31D8081422E9D7F10031DFAE /* Frameworks */,
				31D8081522E9D7F10031DFAE /* Resources */,
			);
			buildRules = (
			);
			dependencies = (
				31D8081922E9D7F10031DFAE /* PBXTargetDependency */,
			);
			name = tableViewLoadImageUITests;
			productName = tableViewLoadImageUITests;
			productReference = 31D8081722E9D7F10031DFAE /* tableViewLoadImageUITests.xctest */;
			productType = "com.apple.product-type.bundle.ui-testing";
		};
/* End PBXNativeTarget section */

/* Begin PBXProject section */
		31D807EC22E9D7EF0031DFAE /* Project object */ = {
			isa = PBXProject;
			attributes = {
				LastUpgradeCheck = 1010;
				ORGANIZATIONNAME = hooyking;
				TargetAttributes = {
					31D807F322E9D7EF0031DFAE = {
						CreatedOnToolsVersion = 10.1;
					};
					31D8080B22E9D7F10031DFAE = {
						CreatedOnToolsVersion = 10.1;
						TestTargetID = 31D807F322E9D7EF0031DFAE;
					};
					31D8081622E9D7F10031DFAE = {
						CreatedOnToolsVersion = 10.1;
						TestTargetID = 31D807F322E9D7EF0031DFAE;
					};
				};
			};
			buildConfigurationList = 31D807EF22E9D7EF0031DFAE /* Build configuration list for PBXProject "tableViewLoadImage" */;
			compatibilityVersion = "Xcode 9.3";
			developmentRegion = en;
			hasScannedForEncodings = 0;
			knownRegions = (
				en,
				Base,
			);
			mainGroup = 31D807EB22E9D7EF0031DFAE;
			productRefGroup = 31D807F522E9D7EF0031DFAE /* Products */;
			projectDirPath = "";
			projectRoot = "";
			targets = (
				31D807F322E9D7EF0031DFAE /* tableViewLoadImage */,
				31D8080B22E9D7F10031DFAE /* tableViewLoadImageTests */,
				31D8081622E9D7F10031DFAE /* tableViewLoadImageUITests */,
			);
		};
/* End PBXProject section */

/* Begin PBXResourcesBuildPhase section */
		31D807F222E9D7EF0031DFAE /* Resources */ = {
			isa = PBXResourcesBuildPhase;
			buildActionMask = 2147483647;
			files = (
				31D8080422E9D7F10031DFAE /* LaunchScreen.storyboard in Resources */,
				31D8080122E9D7F10031DFAE /* Assets.xcassets in Resources */,
				31DE509822E9F5CD009E5B5B /* HKTableViewCell.xib in Resources */,
				31D807FF22E9D7EF0031DFAE /* Main.storyboard in Resources */,
			);
			runOnlyForDeploymentPostprocessing = 0;
		};
		31D8080A22E9D7F10031DFAE /* Resources */ = {
			isa = PBXResourcesBuildPhase;
			buildActionMask = 2147483647;
			files = (
			);
			runOnlyForDeploymentPostprocessing = 0;
		};
		31D8081522E9D7F10031DFAE /* Resources */ = {
			isa = PBXResourcesBuildPhase;
			buildActionMask = 2147483647;
			files = (
			);
			runOnlyForDeploymentPostprocessing = 0;
		};
/* End PBXResourcesBuildPhase section */

/* Begin PBXShellScriptBuildPhase section */
		53557EA0E2D66A4DF38FE9E1 /* [CP] Check Pods Manifest.lock */ = {
			isa = PBXShellScriptBuildPhase;
			buildActionMask = 2147483647;
			files = (
			);
			inputPaths = (
				"${PODS_PODFILE_DIR_PATH}/Podfile.lock",
				"${PODS_ROOT}/Manifest.lock",
			);
			name = "[CP] Check Pods Manifest.lock";
			outputPaths = (
				"$(DERIVED_FILE_DIR)/Pods-tableViewLoadImageUITests-checkManifestLockResult.txt",
			);
			runOnlyForDeploymentPostprocessing = 0;
			shellPath = /bin/sh;
			shellScript = "diff \"${PODS_PODFILE_DIR_PATH}/Podfile.lock\" \"${PODS_ROOT}/Manifest.lock\" > /dev/null\nif [ $? != 0 ] ; then\n    # print error to STDERR\n    echo \"error: The sandbox is not in sync with the Podfile.lock. Run 'pod install' or update your CocoaPods installation.\" >&2\n    exit 1\nfi\n# This output is used by Xcode 'outputs' to avoid re-running this script phase.\necho \"SUCCESS\" > \"${SCRIPT_OUTPUT_FILE_0}\"\n";
			showEnvVarsInLog = 0;
		};
		AF8958934B30C225A04A3D04 /* [CP] Check Pods Manifest.lock */ = {
			isa = PBXShellScriptBuildPhase;
			buildActionMask = 2147483647;
			files = (
			);
			inputPaths = (
				"${PODS_PODFILE_DIR_PATH}/Podfile.lock",
				"${PODS_ROOT}/Manifest.lock",
			);
			name = "[CP] Check Pods Manifest.lock";
			outputPaths = (
				"$(DERIVED_FILE_DIR)/Pods-tableViewLoadImage-checkManifestLockResult.txt",
			);
			runOnlyForDeploymentPostprocessing = 0;
			shellPath = /bin/sh;
			shellScript = "diff \"${PODS_PODFILE_DIR_PATH}/Podfile.lock\" \"${PODS_ROOT}/Manifest.lock\" > /dev/null\nif [ $? != 0 ] ; then\n    # print error to STDERR\n    echo \"error: The sandbox is not in sync with the Podfile.lock. Run 'pod install' or update your CocoaPods installation.\" >&2\n    exit 1\nfi\n# This output is used by Xcode 'outputs' to avoid re-running this script phase.\necho \"SUCCESS\" > \"${SCRIPT_OUTPUT_FILE_0}\"\n";
			showEnvVarsInLog = 0;
		};
		B5B05B5EF7CF2A327FA1418E /* [CP] Check Pods Manifest.lock */ = {
			isa = PBXShellScriptBuildPhase;
			buildActionMask = 2147483647;
			files = (
			);
			inputPaths = (
				"${PODS_PODFILE_DIR_PATH}/Podfile.lock",
				"${PODS_ROOT}/Manifest.lock",
			);
			name = "[CP] Check Pods Manifest.lock";
			outputPaths = (
				"$(DERIVED_FILE_DIR)/Pods-tableViewLoadImageTests-checkManifestLockResult.txt",
			);
			runOnlyForDeploymentPostprocessing = 0;
			shellPath = /bin/sh;
			shellScript = "diff \"${PODS_PODFILE_DIR_PATH}/Podfile.lock\" \"${PODS_ROOT}/Manifest.lock\" > /dev/null\nif [ $? != 0 ] ; then\n    # print error to STDERR\n    echo \"error: The sandbox is not in sync with the Podfile.lock. Run 'pod install' or update your CocoaPods installation.\" >&2\n    exit 1\nfi\n# This output is used by Xcode 'outputs' to avoid re-running this script phase.\necho \"SUCCESS\" > \"${SCRIPT_OUTPUT_FILE_0}\"\n";
			showEnvVarsInLog = 0;
		};
/* End PBXShellScriptBuildPhase section */

/* Begin PBXSourcesBuildPhase section */
		31D807F022E9D7EF0031DFAE /* Sources */ = {
			isa = PBXSourcesBuildPhase;
			buildActionMask = 2147483647;
			files = (
				31D0529324BC2F0500FA1B02 /* PersonModel.m in Sources */,
				311B362324B8BF5C003E9FD0 /* UIImage+HKKit.m in Sources */,
				31D8082B22E9D81B0031DFAE /* HKTableViewController.m in Sources */,
				31D8080722E9D7F10031DFAE /* main.m in Sources */,
				31DE509722E9F5CD009E5B5B /* HKTableViewCell.m in Sources */,
				31D807F922E9D7EF0031DFAE /* AppDelegate.m in Sources */,
			);
			runOnlyForDeploymentPostprocessing = 0;
		};
		31D8080822E9D7F10031DFAE /* Sources */ = {
			isa = PBXSourcesBuildPhase;
			buildActionMask = 2147483647;
			files = (
				31D8081122E9D7F10031DFAE /* tableViewLoadImageTests.m in Sources */,
			);
			runOnlyForDeploymentPostprocessing = 0;
		};
		31D8081322E9D7F10031DFAE /* Sources */ = {
			isa = PBXSourcesBuildPhase;
			buildActionMask = 2147483647;
			files = (
				31D8081C22E9D7F10031DFAE /* tableViewLoadImageUITests.m in Sources */,
			);
			runOnlyForDeploymentPostprocessing = 0;
		};
/* End PBXSourcesBuildPhase section */

/* Begin PBXTargetDependency section */
		31D8080E22E9D7F10031DFAE /* PBXTargetDependency */ = {
			isa = PBXTargetDependency;
			target = 31D807F322E9D7EF0031DFAE /* tableViewLoadImage */;
			targetProxy = 31D8080D22E9D7F10031DFAE /* PBXContainerItemProxy */;
		};
		31D8081922E9D7F10031DFAE /* PBXTargetDependency */ = {
			isa = PBXTargetDependency;
			target = 31D807F322E9D7EF0031DFAE /* tableViewLoadImage */;
			targetProxy = 31D8081822E9D7F10031DFAE /* PBXContainerItemProxy */;
		};
/* End PBXTargetDependency section */

/* Begin PBXVariantGroup section */
		31D807FD22E9D7EF0031DFAE /* Main.storyboard */ = {
			isa = PBXVariantGroup;
			children = (
				31D807FE22E9D7EF0031DFAE /* Base */,
			);
			name = Main.storyboard;
			sourceTree = "<group>";
		};
		31D8080222E9D7F10031DFAE /* LaunchScreen.storyboard */ = {
			isa = PBXVariantGroup;
			children = (
				31D8080322E9D7F10031DFAE /* Base */,
			);
			name = LaunchScreen.storyboard;
			sourceTree = "<group>";
		};
/* End PBXVariantGroup section */

/* Begin XCBuildConfiguration section */
		31D8081E22E9D7F10031DFAE /* Debug */ = {
			isa = XCBuildConfiguration;
			buildSettings = {
				ALWAYS_SEARCH_USER_PATHS = NO;
				CLANG_ANALYZER_NONNULL = YES;
				CLANG_ANALYZER_NUMBER_OBJECT_CONVERSION = YES_AGGRESSIVE;
				CLANG_CXX_LANGUAGE_STANDARD = "gnu++14";
				CLANG_CXX_LIBRARY = "libc++";
				CLANG_ENABLE_MODULES = YES;
				CLANG_ENABLE_OBJC_ARC = YES;
				CLANG_ENABLE_OBJC_WEAK = YES;
				CLANG_WARN_BLOCK_CAPTURE_AUTORELEASING = YES;
				CLANG_WARN_BOOL_CONVERSION = YES;
				CLANG_WARN_COMMA = YES;
				CLANG_WARN_CONSTANT_CONVERSION = YES;
				CLANG_WARN_DEPRECATED_OBJC_IMPLEMENTATIONS = YES;
				CLANG_WARN_DIRECT_OBJC_ISA_USAGE = YES_ERROR;
				CLANG_WARN_DOCUMENTATION_COMMENTS = YES;
				CLANG_WARN_EMPTY_BODY = YES;
				CLANG_WARN_ENUM_CONVERSION = YES;
				CLANG_WARN_INFINITE_RECURSION = YES;
				CLANG_WARN_INT_CONVERSION = YES;
				CLANG_WARN_NON_LITERAL_NULL_CONVERSION = YES;
				CLANG_WARN_OBJC_IMPLICIT_RETAIN_SELF = YES;
				CLANG_WARN_OBJC_LITERAL_CONVERSION = YES;
				CLANG_WARN_OBJC_ROOT_CLASS = YES_ERROR;
				CLANG_WARN_RANGE_LOOP_ANALYSIS = YES;
				CLANG_WARN_STRICT_PROTOTYPES = YES;
				CLANG_WARN_SUSPICIOUS_MOVE = YES;
				CLANG_WARN_UNGUARDED_AVAILABILITY = YES_AGGRESSIVE;
				CLANG_WARN_UNREACHABLE_CODE = YES;
				CLANG_WARN__DUPLICATE_METHOD_MATCH = YES;
				CODE_SIGN_IDENTITY = "iPhone Developer";
				COPY_PHASE_STRIP = NO;
				DEBUG_INFORMATION_FORMAT = dwarf;
				ENABLE_STRICT_OBJC_MSGSEND = YES;
				ENABLE_TESTABILITY = YES;
				GCC_C_LANGUAGE_STANDARD = gnu11;
				GCC_DYNAMIC_NO_PIC = NO;
				GCC_NO_COMMON_BLOCKS = YES;
				GCC_OPTIMIZATION_LEVEL = 0;
				GCC_PREPROCESSOR_DEFINITIONS = (
					"DEBUG=1",
					"$(inherited)",
				);
				GCC_WARN_64_TO_32_BIT_CONVERSION = YES;
				GCC_WARN_ABOUT_RETURN_TYPE = YES_ERROR;
				GCC_WARN_UNDECLARED_SELECTOR = YES;
				GCC_WARN_UNINITIALIZED_AUTOS = YES_AGGRESSIVE;
				GCC_WARN_UNUSED_FUNCTION = YES;
				GCC_WARN_UNUSED_VARIABLE = YES;
				IPHONEOS_DEPLOYMENT_TARGET = 12.1;
				MTL_ENABLE_DEBUG_INFO = INCLUDE_SOURCE;
				MTL_FAST_MATH = YES;
				ONLY_ACTIVE_ARCH = YES;
				SDKROOT = iphoneos;
			};
			name = Debug;
		};
		31D8081F22E9D7F10031DFAE /* Release */ = {
			isa = XCBuildConfiguration;
			buildSettings = {
				ALWAYS_SEARCH_USER_PATHS = NO;
				CLANG_ANALYZER_NONNULL = YES;
				CLANG_ANALYZER_NUMBER_OBJECT_CONVERSION = YES_AGGRESSIVE;
				CLANG_CXX_LANGUAGE_STANDARD = "gnu++14";
				CLANG_CXX_LIBRARY = "libc++";
				CLANG_ENABLE_MODULES = YES;
				CLANG_ENABLE_OBJC_ARC = YES;
				CLANG_ENABLE_OBJC_WEAK = YES;
				CLANG_WARN_BLOCK_CAPTURE_AUTORELEASING = YES;
				CLANG_WARN_BOOL_CONVERSION = YES;
				CLANG_WARN_COMMA = YES;
				CLANG_WARN_CONSTANT_CONVERSION = YES;
				CLANG_WARN_DEPRECATED_OBJC_IMPLEMENTATIONS = YES;
				CLANG_WARN_DIRECT_OBJC_ISA_USAGE = YES_ERROR;
				CLANG_WARN_DOCUMENTATION_COMMENTS = YES;
				CLANG_WARN_EMPTY_BODY = YES;
				CLANG_WARN_ENUM_CONVERSION = YES;
				CLANG_WARN_INFINITE_RECURSION = YES;
				CLANG_WARN_INT_CONVERSION = YES;
				CLANG_WARN_NON_LITERAL_NULL_CONVERSION = YES;
				CLANG_WARN_OBJC_IMPLICIT_RETAIN_SELF = YES;
				CLANG_WARN_OBJC_LITERAL_CONVERSION = YES;
				CLANG_WARN_OBJC_ROOT_CLASS = YES_ERROR;
				CLANG_WARN_RANGE_LOOP_ANALYSIS = YES;
				CLANG_WARN_STRICT_PROTOTYPES = YES;
				CLANG_WARN_SUSPICIOUS_MOVE = YES;
				CLANG_WARN_UNGUARDED_AVAILABILITY = YES_AGGRESSIVE;
				CLANG_WARN_UNREACHABLE_CODE = YES;
				CLANG_WARN__DUPLICATE_METHOD_MATCH = YES;
				CODE_SIGN_IDENTITY = "iPhone Developer";
				COPY_PHASE_STRIP = NO;
				DEBUG_INFORMATION_FORMAT = "dwarf-with-dsym";
				ENABLE_NS_ASSERTIONS = NO;
				ENABLE_STRICT_OBJC_MSGSEND = YES;
				GCC_C_LANGUAGE_STANDARD = gnu11;
				GCC_NO_COMMON_BLOCKS = YES;
				GCC_WARN_64_TO_32_BIT_CONVERSION = YES;
				GCC_WARN_ABOUT_RETURN_TYPE = YES_ERROR;
				GCC_WARN_UNDECLARED_SELECTOR = YES;
				GCC_WARN_UNINITIALIZED_AUTOS = YES_AGGRESSIVE;
				GCC_WARN_UNUSED_FUNCTION = YES;
				GCC_WARN_UNUSED_VARIABLE = YES;
				IPHONEOS_DEPLOYMENT_TARGET = 12.1;
				MTL_ENABLE_DEBUG_INFO = NO;
				MTL_FAST_MATH = YES;
				SDKROOT = iphoneos;
				VALIDATE_PRODUCT = YES;
			};
			name = Release;
		};
		31D8082122E9D7F10031DFAE /* Debug */ = {
			isa = XCBuildConfiguration;
			baseConfigurationReference = 792D631C297C0DA8F81EB162 /* Pods-tableViewLoadImage.debug.xcconfig */;
			buildSettings = {
				ASSETCATALOG_COMPILER_APPICON_NAME = AppIcon;
				CODE_SIGN_STYLE = Automatic;
				DEVELOPMENT_TEAM = 7KW57V5D9K;
				GCC_INCREASE_PRECOMPILED_HEADER_SHARING = NO;
				GCC_PRECOMPILE_PREFIX_HEADER = YES;
				GCC_PREFIX_HEADER = "$(SRCROOT)/tableViewLoadImage/PrefixHeader.pch";
				INFOPLIST_FILE = tableViewLoadImage/Info.plist;
				IPHONEOS_DEPLOYMENT_TARGET = 9.0;
				LD_RUNPATH_SEARCH_PATHS = (
					"$(inherited)",
					"@executable_path/Frameworks",
				);
				PRODUCT_BUNDLE_IDENTIFIER = hooyking.tableViewLoadImage;
				PRODUCT_NAME = "$(TARGET_NAME)";
				TARGETED_DEVICE_FAMILY = "1,2";
			};
			name = Debug;
		};
		31D8082222E9D7F10031DFAE /* Release */ = {
			isa = XCBuildConfiguration;
			baseConfigurationReference = 7A7E0BECF2436FA01EC09DAF /* Pods-tableViewLoadImage.release.xcconfig */;
			buildSettings = {
				ASSETCATALOG_COMPILER_APPICON_NAME = AppIcon;
				CODE_SIGN_STYLE = Automatic;
				DEVELOPMENT_TEAM = 7KW57V5D9K;
				GCC_INCREASE_PRECOMPILED_HEADER_SHARING = NO;
				GCC_PRECOMPILE_PREFIX_HEADER = YES;
				GCC_PREFIX_HEADER = "$(SRCROOT)/tableViewLoadImage/PrefixHeader.pch";
				INFOPLIST_FILE = tableViewLoadImage/Info.plist;
				IPHONEOS_DEPLOYMENT_TARGET = 9.0;
				LD_RUNPATH_SEARCH_PATHS = (
					"$(inherited)",
					"@executable_path/Frameworks",
				);
				PRODUCT_BUNDLE_IDENTIFIER = hooyking.tableViewLoadImage;
				PRODUCT_NAME = "$(TARGET_NAME)";
				TARGETED_DEVICE_FAMILY = "1,2";
			};
			name = Release;
		};
		31D8082422E9D7F10031DFAE /* Debug */ = {
			isa = XCBuildConfiguration;
			baseConfigurationReference = 370FD4760C27486BD927AF09 /* Pods-tableViewLoadImageTests.debug.xcconfig */;
			buildSettings = {
				BUNDLE_LOADER = "$(TEST_HOST)";
				CODE_SIGN_STYLE = Automatic;
				INFOPLIST_FILE = tableViewLoadImageTests/Info.plist;
				LD_RUNPATH_SEARCH_PATHS = (
					"$(inherited)",
					"@executable_path/Frameworks",
					"@loader_path/Frameworks",
				);
				PRODUCT_BUNDLE_IDENTIFIER = hooyking.tableViewLoadImageTests;
				PRODUCT_NAME = "$(TARGET_NAME)";
				TARGETED_DEVICE_FAMILY = "1,2";
				TEST_HOST = "$(BUILT_PRODUCTS_DIR)/tableViewLoadImage.app/tableViewLoadImage";
			};
			name = Debug;
		};
		31D8082522E9D7F10031DFAE /* Release */ = {
			isa = XCBuildConfiguration;
			baseConfigurationReference = 86CE2E2A45BF1979805342E1 /* Pods-tableViewLoadImageTests.release.xcconfig */;
			buildSettings = {
				BUNDLE_LOADER = "$(TEST_HOST)";
				CODE_SIGN_STYLE = Automatic;
				INFOPLIST_FILE = tableViewLoadImageTests/Info.plist;
				LD_RUNPATH_SEARCH_PATHS = (
					"$(inherited)",
					"@executable_path/Frameworks",
					"@loader_path/Frameworks",
				);
				PRODUCT_BUNDLE_IDENTIFIER = hooyking.tableViewLoadImageTests;
				PRODUCT_NAME = "$(TARGET_NAME)";
				TARGETED_DEVICE_FAMILY = "1,2";
				TEST_HOST = "$(BUILT_PRODUCTS_DIR)/tableViewLoadImage.app/tableViewLoadImage";
			};
			name = Release;
		};
		31D8082722E9D7F10031DFAE /* Debug */ = {
			isa = XCBuildConfiguration;
			baseConfigurationReference = B9336C036C35C78F6BC15F3B /* Pods-tableViewLoadImageUITests.debug.xcconfig */;
			buildSettings = {
				CODE_SIGN_STYLE = Automatic;
				INFOPLIST_FILE = tableViewLoadImageUITests/Info.plist;
				LD_RUNPATH_SEARCH_PATHS = (
					"$(inherited)",
					"@executable_path/Frameworks",
					"@loader_path/Frameworks",
				);
				PRODUCT_BUNDLE_IDENTIFIER = hooyking.tableViewLoadImageUITests;
				PRODUCT_NAME = "$(TARGET_NAME)";
				TARGETED_DEVICE_FAMILY = "1,2";
				TEST_TARGET_NAME = tableViewLoadImage;
			};
			name = Debug;
		};
		31D8082822E9D7F10031DFAE /* Release */ = {
			isa = XCBuildConfiguration;
			baseConfigurationReference = BDED74219F3CB5C728B0CA26 /* Pods-tableViewLoadImageUITests.release.xcconfig */;
			buildSettings = {
				CODE_SIGN_STYLE = Automatic;
				INFOPLIST_FILE = tableViewLoadImageUITests/Info.plist;
				LD_RUNPATH_SEARCH_PATHS = (
					"$(inherited)",
					"@executable_path/Frameworks",
					"@loader_path/Frameworks",
				);
				PRODUCT_BUNDLE_IDENTIFIER = hooyking.tableViewLoadImageUITests;
				PRODUCT_NAME = "$(TARGET_NAME)";
				TARGETED_DEVICE_FAMILY = "1,2";
				TEST_TARGET_NAME = tableViewLoadImage;
			};
			name = Release;
		};
/* End XCBuildConfiguration section */

/* Begin XCConfigurationList section */
		31D807EF22E9D7EF0031DFAE /* Build configuration list for PBXProject "tableViewLoadImage" */ = {
			isa = XCConfigurationList;
			buildConfigurations = (
				31D8081E22E9D7F10031DFAE /* Debug */,
				31D8081F22E9D7F10031DFAE /* Release */,
			);
			defaultConfigurationIsVisible = 0;
			defaultConfigurationName = Release;
		};
		31D8082022E9D7F10031DFAE /* Build configuration list for PBXNativeTarget "tableViewLoadImage" */ = {
			isa = XCConfigurationList;
			buildConfigurations = (
				31D8082122E9D7F10031DFAE /* Debug */,
				31D8082222E9D7F10031DFAE /* Release */,
			);
			defaultConfigurationIsVisible = 0;
			defaultConfigurationName = Release;
		};
		31D8082322E9D7F10031DFAE /* Build configuration list for PBXNativeTarget "tableViewLoadImageTests" */ = {
			isa = XCConfigurationList;
			buildConfigurations = (
				31D8082422E9D7F10031DFAE /* Debug */,
				31D8082522E9D7F10031DFAE /* Release */,
			);
			defaultConfigurationIsVisible = 0;
			defaultConfigurationName = Release;
		};
		31D8082622E9D7F10031DFAE /* Build configuration list for PBXNativeTarget "tableViewLoadImageUITests" */ = {
			isa = XCConfigurationList;
			buildConfigurations = (
				31D8082722E9D7F10031DFAE /* Debug */,
				31D8082822E9D7F10031DFAE /* Release */,
			);
			defaultConfigurationIsVisible = 0;
			defaultConfigurationName = Release;
		};
/* End XCConfigurationList section */
	};
	rootObject = 31D807EC22E9D7EF0031DFAE /* Project object */;
}
